
Microsoft Visual Studio Solution File, Format Version 12.00
# Visual Studio Version 17
VisualStudioVersion = 17.3.32804.467
MinimumVisualStudioVersion = 10.0.40219.1
Project("{FAE04EC0-301F-11D3-BF4B-00C04F79EFBC}") = "Linq_Assignment", "Linq_Assignment\Linq_Assignment.csproj", "{9B4D8FDA-2A62-4E3A-82B4-B352B74225FC}"
EndProject
Global
	GlobalSection(SolutionConfigurationPlatforms) = preSolution
		Debug|Any CPU = Debug|Any CPU
		Release|Any CPU = Release|Any CPU
	EndGlobalSection
	GlobalSection(ProjectConfigurationPlatforms) = postSolution
		{9B4D8FDA-2A62-4E3A-82B4-B352B74225FC}.Debug|Any CPU.ActiveCfg = Debug|Any CPU
		{9B4D8FDA-2A62-4E3A-82B4-B352B74225FC}.Debug|Any CPU.Build.0 = Debug|Any CPU
		{9B4D8FDA-2A62-4E3A-82B4-B352B74225FC}.Release|Any CPU.ActiveCfg = Release|Any CPU
		{9B4D8FDA-2A62-4E3A-82B4-B352B74225FC}.Release|Any CPU.Build.0 = Release|Any CPU
	EndGlobalSection
	GlobalSection(SolutionProperties) = preSolution
		HideSolutionNode = FALSE
	EndGlobalSection
	GlobalSection(ExtensibilityGlobals) = postSolution
		SolutionGuid = {006FDFCB-CE3B-4966-B236-D271859551DD}
	EndGlobalSection
EndGlobal
